
Microsoft Visual Studio Solution File, Format Version 12.00
# Visual Studio 15
VisualStudioVersion = 15.0.28307.572
MinimumVisualStudioVersion = 10.0.40219.1
Project("{2150E333-8FDC-42A3-9474-1A3956D46DE8}") = "Solution Items", "Solution Items", "{3AE09C67-DEDD-4DE1-8BC4-9F22705FB02F}"
	ProjectSection(SolutionItems) = preProject
		.gitignore = .gitignore
		README.md = README.md
	EndProjectSection
EndProject
Project("{2150E333-8FDC-42A3-9474-1A3956D46DE8}") = "src", "src", "{B42D4733-FAF6-4145-8727-8C62D3F72613}"
EndProject
Project("{FAE04EC0-301F-11D3-BF4B-00C04F79EFBC}") = "BrandUp.Extensions.Migrations", "src\BrandUp.Extensions.Migrations\BrandUp.Extensions.Migrations.csproj", "{BEB7492F-2B81-4BF5-9301-11C8BD004252}"
EndProject
Project("{2150E333-8FDC-42A3-9474-1A3956D46DE8}") = "test", "test", "{D9F3C59D-BEBC-4B2C-B4CD-6F159087A69F}"
EndProject
Project("{FAE04EC0-301F-11D3-BF4B-00C04F79EFBC}") = "BrandUp.Extensions.Migrations.Tests", "test\BrandUp.Extensions.Migrations.Tests\BrandUp.Extensions.Migrations.Tests.csproj", "{608CE99C-D8EC-4D95-BF99-BFF9AA1B1798}"
EndProject
Global
	GlobalSection(SolutionConfigurationPlatforms) = preSolution
		Debug|Any CPU = Debug|Any CPU
		Release|Any CPU = Release|Any CPU
	EndGlobalSection
	GlobalSection(ProjectConfigurationPlatforms) = postSolution
		{BEB7492F-2B81-4BF5-9301-11C8BD004252}.Debug|Any CPU.ActiveCfg = Debug|Any CPU
		{BEB7492F-2B81-4BF5-9301-11C8BD004252}.Debug|Any CPU.Build.0 = Debug|Any CPU
		{BEB7492F-2B81-4BF5-9301-11C8BD004252}.Release|Any CPU.ActiveCfg = Release|Any CPU
		{BEB7492F-2B81-4BF5-9301-11C8BD004252}.Release|Any CPU.Build.0 = Release|Any CPU
		{608CE99C-D8EC-4D95-BF99-BFF9AA1B1798}.Debug|Any CPU.ActiveCfg = Debug|Any CPU
		{608CE99C-D8EC-4D95-BF99-BFF9AA1B1798}.Debug|Any CPU.Build.0 = Debug|Any CPU
		{608CE99C-D8EC-4D95-BF99-BFF9AA1B1798}.Release|Any CPU.ActiveCfg = Release|Any CPU
		{608CE99C-D8EC-4D95-BF99-BFF9AA1B1798}.Release|Any CPU.Build.0 = Release|Any CPU
	EndGlobalSection
	GlobalSection(SolutionProperties) = preSolution
		HideSolutionNode = FALSE
	EndGlobalSection
	GlobalSection(NestedProjects) = preSolution
		{BEB7492F-2B81-4BF5-9301-11C8BD004252} = {B42D4733-FAF6-4145-8727-8C62D3F72613}
		{608CE99C-D8EC-4D95-BF99-BFF9AA1B1798} = {D9F3C59D-BEBC-4B2C-B4CD-6F159087A69F}
	EndGlobalSection
	GlobalSection(ExtensibilityGlobals) = postSolution
		SolutionGuid = {A9A40170-983D-4AD1-BA62-C00299F49633}
	EndGlobalSection
EndGlobal
